
Microsoft Visual Studio Solution File, Format Version 12.00
# Visual Studio 15
Project("{FAE04EC0-301F-11D3-BF4B-00C04F79EFBC}") = "Assembly-CSharp", "Assembly-CSharp.csproj", "{DD81AB2C-30D2-546A-2D4D-73F7BF9BEDFF}"
EndProject
Global
	GlobalSection(SolutionConfigurationPlatforms) = preSolution
		Debug|Any CPU = Debug|Any CPU
		Release|Any CPU = Release|Any CPU
	EndGlobalSection
	GlobalSection(ProjectConfigurationPlatforms) = postSolution
		{DD81AB2C-30D2-546A-2D4D-73F7BF9BEDFF}.Debug|Any CPU.ActiveCfg = Debug|Any CPU
		{DD81AB2C-30D2-546A-2D4D-73F7BF9BEDFF}.Debug|Any CPU.Build.0 = Debug|Any CPU
		{DD81AB2C-30D2-546A-2D4D-73F7BF9BEDFF}.Release|Any CPU.ActiveCfg = Release|Any CPU
		{DD81AB2C-30D2-546A-2D4D-73F7BF9BEDFF}.Release|Any CPU.Build.0 = Release|Any CPU
	EndGlobalSection
	GlobalSection(SolutionProperties) = preSolution
		HideSolutionNode = FALSE
	EndGlobalSection
EndGlobal
